{
  "version": 4,
  "terraform_version": "1.15.8",
  "serial": 3,
  "lineage": "7af3553f-5e8d-cc81-0315-49e703657520",
  "outputs": {
    "churn_prediction_ecr_repo_url": {
      "value": "395249043027.dkr.ecr.us-east-1.amazonaws.com/churn-prediction-serving",
      "type": "string"
    },
    "click_fraud_ecr_repo_url": {
      "value": "395249043027.dkr.ecr.us-east-1.amazonaws.com/click-fraud-serving",
      "type": "string"
    }
  },
  "resources": [
    {
      "mode": "managed",
      "type": "aws_ecr_repository",
      "name": "churn_prediction",
      "provider": "provider[\"registry.terraform.io/hashicorp/aws\"]",
      "instances": [
        {
          "schema_version": 0,
          "attributes": {
            "arn": "arn:aws:ecr:us-east-1:395249043027:repository/churn-prediction-serving",
            "encryption_configuration": [
              {
                "encryption_type": "AES256",
                "kms_key": ""
              }
            ],
            "force_delete": true,
            "id": "churn-prediction-serving",
            "image_scanning_configuration": [
              {
                "scan_on_push": false
              }
            ],
            "image_tag_mutability": "MUTABLE",
            "image_tag_mutability_exclusion_filter": [],
            "name": "churn-prediction-serving",
            "region": "us-east-1",
            "registry_id": "395249043027",
            "repository_url": "395249043027.dkr.ecr.us-east-1.amazonaws.com/churn-prediction-serving",
            "tags": null,
            "tags_all": {},
            "timeouts": null
          },
          "sensitive_attributes": [],
          "identity_schema_version": 0,
          "identity": {
            "account_id": "395249043027",
            "name": "churn-prediction-serving",
            "region": "us-east-1"
          },
          "private": "eyJlMmJmYjczMC1lY2FhLTExZTYtOGY4OC0zNDM2M2JjN2M0YzAiOnsiZGVsZXRlIjoxMjAwMDAwMDAwMDAwfX0="
        }
      ]
    },
    {
      "mode": "managed",
      "type": "aws_ecr_repository",
      "name": "click_fraud",
      "provider": "provider[\"registry.terraform.io/hashicorp/aws\"]",
      "instances": [
        {
          "schema_version": 0,
          "attributes": {
            "arn": "arn:aws:ecr:us-east-1:395249043027:repository/click-fraud-serving",
            "encryption_configuration": [
              {
                "encryption_type": "AES256",
                "kms_key": ""
              }
            ],
            "force_delete": true,
            "id": "click-fraud-serving",
            "image_scanning_configuration": [
              {
                "scan_on_push": false
              }
            ],
            "image_tag_mutability": "MUTABLE",
            "image_tag_mutability_exclusion_filter": [],
            "name": "click-fraud-serving",
            "region": "us-east-1",
            "registry_id": "395249043027",
            "repository_url": "395249043027.dkr.ecr.us-east-1.amazonaws.com/click-fraud-serving",
            "tags": null,
            "tags_all": {},
            "timeouts": null
          },
          "sensitive_attributes": [],
          "identity_schema_version": 0,
          "identity": {
            "account_id": "395249043027",
            "name": "click-fraud-serving",
            "region": "us-east-1"
          },
          "private": "eyJlMmJmYjczMC1lY2FhLTExZTYtOGY4OC0zNDM2M2JjN2M0YzAiOnsiZGVsZXRlIjoxMjAwMDAwMDAwMDAwfX0="
        }
      ]
    }
  ],
  "check_results": null
}
